lockfileVersion: '9.0'

settings:
  autoInstallPeers: true
  excludeLinksFromLockfile: false

importers:

  .:
    dependencies:
      arktype:
        specifier: ^2.1.20
        version: 2.1.20
      typescript:
        specifier: ^5.8.3
        version: 5.8.3

packages:

  '@ark/schema@0.46.0':
    resolution: {integrity: sha512-c2UQdKgP2eqqDArfBqQIJppxJHvNNXuQPeuSPlDML4rjw+f1cu0qAlzOG4b8ujgm9ctIDWwhpyw6gjG5ledIVQ==}

  '@ark/util@0.46.0':
    resolution: {integrity: sha512-JPy/NGWn/lvf1WmGCPw2VGpBg5utZraE84I7wli18EDF3p3zc/e9WolT35tINeZO3l7C77SjqRJeAUoT0CvMRg==}

  arktype@2.1.20:
    resolution: {integrity: sha512-IZCEEXaJ8g+Ijd59WtSYwtjnqXiwM8sWQ5EjGamcto7+HVN9eK0C4p0zDlCuAwWhpqr6fIBkxPuYDl4/Mcj/+Q==}

  typescript@5.8.3:
    resolution: {integrity: sha512-p1diW6TqL9L07nNxvRMM7hMMw4c5XOo/1ibL4aAIGmSAt9slTE1Xgw5KWuof2uTOvCg9BY7ZRi+GaF+7sfgPeQ==}
    engines: {node: '>=14.17'}
    hasBin: true

snapshots:

  '@ark/schema@0.46.0':
    dependencies:
      '@ark/util': 0.46.0

  '@ark/util@0.46.0': {}

  arktype@2.1.20:
    dependencies:
      '@ark/schema': 0.46.0
      '@ark/util': 0.46.0

  typescript@5.8.3: {}
